
Microsoft Visual Studio Solution File, Format Version 12.00
Project("{FAE04EC0-301F-11D3-BF4B-00C04F79EFBC}") = "ElonsToys", "ElonsToys\ElonsToys.csproj", "{CE7CA6D1-4B31-49DF-8248-9323895D1FE8}"
EndProject
Project("{FAE04EC0-301F-11D3-BF4B-00C04F79EFBC}") = "ElonToysTest", "ElonToysTest\ElonToysTest.csproj", "{37B57648-A868-45E5-9A4E-DBDBD5061A96}"
EndProject
Project("{FAE04EC0-301F-11D3-BF4B-00C04F79EFBC}") = "ElonToysTests", "ElonToysTests\ElonToysTests.csproj", "{12E125F1-7DA3-4371-A78F-4521D7401DDC}"
EndProject
Global
	GlobalSection(SolutionConfigurationPlatforms) = preSolution
		Debug|Any CPU = Debug|Any CPU
		Release|Any CPU = Release|Any CPU
	EndGlobalSection
	GlobalSection(ProjectConfigurationPlatforms) = postSolution
		{CE7CA6D1-4B31-49DF-8248-9323895D1FE8}.Debug|Any CPU.ActiveCfg = Debug|Any CPU
		{CE7CA6D1-4B31-49DF-8248-9323895D1FE8}.Debug|Any CPU.Build.0 = Debug|Any CPU
		{CE7CA6D1-4B31-49DF-8248-9323895D1FE8}.Release|Any CPU.ActiveCfg = Release|Any CPU
		{CE7CA6D1-4B31-49DF-8248-9323895D1FE8}.Release|Any CPU.Build.0 = Release|Any CPU
		{37B57648-A868-45E5-9A4E-DBDBD5061A96}.Debug|Any CPU.ActiveCfg = Debug|Any CPU
		{37B57648-A868-45E5-9A4E-DBDBD5061A96}.Debug|Any CPU.Build.0 = Debug|Any CPU
		{37B57648-A868-45E5-9A4E-DBDBD5061A96}.Release|Any CPU.ActiveCfg = Release|Any CPU
		{37B57648-A868-45E5-9A4E-DBDBD5061A96}.Release|Any CPU.Build.0 = Release|Any CPU
		{12E125F1-7DA3-4371-A78F-4521D7401DDC}.Debug|Any CPU.ActiveCfg = Debug|Any CPU
		{12E125F1-7DA3-4371-A78F-4521D7401DDC}.Debug|Any CPU.Build.0 = Debug|Any CPU
		{12E125F1-7DA3-4371-A78F-4521D7401DDC}.Release|Any CPU.ActiveCfg = Release|Any CPU
		{12E125F1-7DA3-4371-A78F-4521D7401DDC}.Release|Any CPU.Build.0 = Release|Any CPU
	EndGlobalSection
EndGlobal
